
Microsoft Visual Studio Solution File, Format Version 12.00
# Visual Studio Version 16
VisualStudioVersion = 16.0.29728.190
MinimumVisualStudioVersion = 10.0.40219.1
Project("{FAE04EC0-301F-11D3-BF4B-00C04F79EFBC}") = "Benefit.Web", "Benefit.Web\Benefit.Web.csproj", "{0B72D044-01AE-4A2E-8BDE-46DDB5FADF30}"
EndProject
Project("{FAE04EC0-301F-11D3-BF4B-00C04F79EFBC}") = "Benefit.Common", "Benefit.Common\Benefit.Common.csproj", "{3946539E-A45A-46CD-BE25-4E420E468082}"
EndProject
Project("{FAE04EC0-301F-11D3-BF4B-00C04F79EFBC}") = "Benefit.Services", "Benefit.Services\Benefit.Services.csproj", "{599D76EA-2FF8-4FCE-B1E5-821359C6B417}"
EndProject
Project("{FAE04EC0-301F-11D3-BF4B-00C04F79EFBC}") = "Benefit.Domain", "Benefit.Domain\Benefit.Domain.csproj", "{C187C6AD-93F5-457B-AA6E-2F43BA4374F3}"
EndProject
Project("{FAE04EC0-301F-11D3-BF4B-00C04F79EFBC}") = "Benefit.DataTransfer", "Benefit.DataTransfer\Benefit.DataTransfer.csproj", "{0FCF456F-DDC3-4A34-8942-7F88E9D2164F}"
EndProject
Project("{FAE04EC0-301F-11D3-BF4B-00C04F79EFBC}") = "Benefit.RestApi", "Benefit.RestApi\Benefit.RestApi.csproj", "{BBB7488A-5F4D-488D-98B0-6171CB61572C}"
EndProject
Project("{FAE04EC0-301F-11D3-BF4B-00C04F79EFBC}") = "Benefit.CardReader", "Benefit.CardReader\Benefit.CardReader.csproj", "{D75B2A58-064D-40C5-B1AB-627711F7FA4E}"
EndProject
Project("{FAE04EC0-301F-11D3-BF4B-00C04F79EFBC}") = "Benefit.HttpClient", "Benefit.HttpClient\Benefit.HttpClient.csproj", "{4BBB10F6-4A6F-4A89-9C29-30FAC23D2C70}"
EndProject
Project("{FAE04EC0-301F-11D3-BF4B-00C04F79EFBC}") = "Benefit.CardReader.DataTransfer", "Benefit.CardReader.DataTransfer\Benefit.CardReader.DataTransfer.csproj", "{0DF88F7F-0819-4B37-A207-592381429C89}"
EndProject
Project("{FAE04EC0-301F-11D3-BF4B-00C04F79EFBC}") = "Benefit.CardReader.Services", "Benefit.CardReader.Services\Benefit.CardReader.Services.csproj", "{E650D207-1422-45AF-8660-7C29198DD974}"
EndProject
Global
	GlobalSection(SolutionConfigurationPlatforms) = preSolution
		Debug|Any CPU = Debug|Any CPU
		Release|Any CPU = Release|Any CPU
		Staging|Any CPU = Staging|Any CPU
	EndGlobalSection
	GlobalSection(ProjectConfigurationPlatforms) = postSolution
		{0B72D044-01AE-4A2E-8BDE-46DDB5FADF30}.Debug|Any CPU.ActiveCfg = Debug|Any CPU
		{0B72D044-01AE-4A2E-8BDE-46DDB5FADF30}.Debug|Any CPU.Build.0 = Debug|Any CPU
		{0B72D044-01AE-4A2E-8BDE-46DDB5FADF30}.Release|Any CPU.ActiveCfg = Release|Any CPU
		{0B72D044-01AE-4A2E-8BDE-46DDB5FADF30}.Release|Any CPU.Build.0 = Release|Any CPU
		{0B72D044-01AE-4A2E-8BDE-46DDB5FADF30}.Staging|Any CPU.ActiveCfg = Staging|Any CPU
		{0B72D044-01AE-4A2E-8BDE-46DDB5FADF30}.Staging|Any CPU.Build.0 = Staging|Any CPU
		{3946539E-A45A-46CD-BE25-4E420E468082}.Debug|Any CPU.ActiveCfg = Debug|Any CPU
		{3946539E-A45A-46CD-BE25-4E420E468082}.Debug|Any CPU.Build.0 = Debug|Any CPU
		{3946539E-A45A-46CD-BE25-4E420E468082}.Release|Any CPU.ActiveCfg = Release|Any CPU
		{3946539E-A45A-46CD-BE25-4E420E468082}.Release|Any CPU.Build.0 = Release|Any CPU
		{3946539E-A45A-46CD-BE25-4E420E468082}.Staging|Any CPU.ActiveCfg = Staging|Any CPU
		{3946539E-A45A-46CD-BE25-4E420E468082}.Staging|Any CPU.Build.0 = Staging|Any CPU
		{599D76EA-2FF8-4FCE-B1E5-821359C6B417}.Debug|Any CPU.ActiveCfg = Debug|Any CPU
		{599D76EA-2FF8-4FCE-B1E5-821359C6B417}.Debug|Any CPU.Build.0 = Debug|Any CPU
		{599D76EA-2FF8-4FCE-B1E5-821359C6B417}.Release|Any CPU.ActiveCfg = Release|Any CPU
		{599D76EA-2FF8-4FCE-B1E5-821359C6B417}.Release|Any CPU.Build.0 = Release|Any CPU
		{599D76EA-2FF8-4FCE-B1E5-821359C6B417}.Staging|Any CPU.ActiveCfg = Staging|Any CPU
		{599D76EA-2FF8-4FCE-B1E5-821359C6B417}.Staging|Any CPU.Build.0 = Staging|Any CPU
		{C187C6AD-93F5-457B-AA6E-2F43BA4374F3}.Debug|Any CPU.ActiveCfg = Debug|Any CPU
		{C187C6AD-93F5-457B-AA6E-2F43BA4374F3}.Debug|Any CPU.Build.0 = Debug|Any CPU
		{C187C6AD-93F5-457B-AA6E-2F43BA4374F3}.Release|Any CPU.ActiveCfg = Release|Any CPU
		{C187C6AD-93F5-457B-AA6E-2F43BA4374F3}.Release|Any CPU.Build.0 = Release|Any CPU
		{C187C6AD-93F5-457B-AA6E-2F43BA4374F3}.Staging|Any CPU.ActiveCfg = Staging|Any CPU
		{C187C6AD-93F5-457B-AA6E-2F43BA4374F3}.Staging|Any CPU.Build.0 = Staging|Any CPU
		{0FCF456F-DDC3-4A34-8942-7F88E9D2164F}.Debug|Any CPU.ActiveCfg = Debug|Any CPU
		{0FCF456F-DDC3-4A34-8942-7F88E9D2164F}.Debug|Any CPU.Build.0 = Debug|Any CPU
		{0FCF456F-DDC3-4A34-8942-7F88E9D2164F}.Release|Any CPU.ActiveCfg = Release|Any CPU
		{0FCF456F-DDC3-4A34-8942-7F88E9D2164F}.Release|Any CPU.Build.0 = Release|Any CPU
		{0FCF456F-DDC3-4A34-8942-7F88E9D2164F}.Staging|Any CPU.ActiveCfg = Staging|Any CPU
		{0FCF456F-DDC3-4A34-8942-7F88E9D2164F}.Staging|Any CPU.Build.0 = Staging|Any CPU
		{BBB7488A-5F4D-488D-98B0-6171CB61572C}.Debug|Any CPU.ActiveCfg = Debug|Any CPU
		{BBB7488A-5F4D-488D-98B0-6171CB61572C}.Debug|Any CPU.Build.0 = Debug|Any CPU
		{BBB7488A-5F4D-488D-98B0-6171CB61572C}.Release|Any CPU.ActiveCfg = Release|Any CPU
		{BBB7488A-5F4D-488D-98B0-6171CB61572C}.Release|Any CPU.Build.0 = Release|Any CPU
		{BBB7488A-5F4D-488D-98B0-6171CB61572C}.Staging|Any CPU.ActiveCfg = Release|Any CPU
		{BBB7488A-5F4D-488D-98B0-6171CB61572C}.Staging|Any CPU.Build.0 = Release|Any CPU
		{D75B2A58-064D-40C5-B1AB-627711F7FA4E}.Debug|Any CPU.ActiveCfg = Debug|Any CPU
		{D75B2A58-064D-40C5-B1AB-627711F7FA4E}.Debug|Any CPU.Build.0 = Debug|Any CPU
		{D75B2A58-064D-40C5-B1AB-627711F7FA4E}.Release|Any CPU.ActiveCfg = Release|Any CPU
		{D75B2A58-064D-40C5-B1AB-627711F7FA4E}.Release|Any CPU.Build.0 = Release|Any CPU
		{D75B2A58-064D-40C5-B1AB-627711F7FA4E}.Staging|Any CPU.ActiveCfg = Release|Any CPU
		{D75B2A58-064D-40C5-B1AB-627711F7FA4E}.Staging|Any CPU.Build.0 = Release|Any CPU
		{4BBB10F6-4A6F-4A89-9C29-30FAC23D2C70}.Debug|Any CPU.ActiveCfg = Debug|Any CPU
		{4BBB10F6-4A6F-4A89-9C29-30FAC23D2C70}.Debug|Any CPU.Build.0 = Debug|Any CPU
		{4BBB10F6-4A6F-4A89-9C29-30FAC23D2C70}.Release|Any CPU.ActiveCfg = Release|Any CPU
		{4BBB10F6-4A6F-4A89-9C29-30FAC23D2C70}.Release|Any CPU.Build.0 = Release|Any CPU
		{4BBB10F6-4A6F-4A89-9C29-30FAC23D2C70}.Staging|Any CPU.ActiveCfg = Release|Any CPU
		{4BBB10F6-4A6F-4A89-9C29-30FAC23D2C70}.Staging|Any CPU.Build.0 = Release|Any CPU
		{0DF88F7F-0819-4B37-A207-592381429C89}.Debug|Any CPU.ActiveCfg = Debug|Any CPU
		{0DF88F7F-0819-4B37-A207-592381429C89}.Debug|Any CPU.Build.0 = Debug|Any CPU
		{0DF88F7F-0819-4B37-A207-592381429C89}.Release|Any CPU.ActiveCfg = Release|Any CPU
		{0DF88F7F-0819-4B37-A207-592381429C89}.Release|Any CPU.Build.0 = Release|Any CPU
		{0DF88F7F-0819-4B37-A207-592381429C89}.Staging|Any CPU.ActiveCfg = Release|Any CPU
		{0DF88F7F-0819-4B37-A207-592381429C89}.Staging|Any CPU.Build.0 = Release|Any CPU
		{E650D207-1422-45AF-8660-7C29198DD974}.Debug|Any CPU.ActiveCfg = Debug|Any CPU
		{E650D207-1422-45AF-8660-7C29198DD974}.Debug|Any CPU.Build.0 = Debug|Any CPU
		{E650D207-1422-45AF-8660-7C29198DD974}.Release|Any CPU.ActiveCfg = Release|Any CPU
		{E650D207-1422-45AF-8660-7C29198DD974}.Release|Any CPU.Build.0 = Release|Any CPU
		{E650D207-1422-45AF-8660-7C29198DD974}.Staging|Any CPU.ActiveCfg = Release|Any CPU
		{E650D207-1422-45AF-8660-7C29198DD974}.Staging|Any CPU.Build.0 = Release|Any CPU
	EndGlobalSection
	GlobalSection(SolutionProperties) = preSolution
		HideSolutionNode = FALSE
	EndGlobalSection
	GlobalSection(ExtensibilityGlobals) = postSolution
		SolutionGuid = {7CA1A28D-8124-4B41-A10E-7499F1FC0D80}
	EndGlobalSection
EndGlobal
